
Microsoft Visual Studio Solution File, Format Version 12.00
# Visual Studio Version 16
VisualStudioVersion = 16.0.31624.102
MinimumVisualStudioVersion = 10.0.40219.1
Project("{9A19103F-16F7-4668-BE54-9A1E7A4F7556}") = "HomeAssistant", "HomeAssistant\HomeAssistant.csproj", "{6E29F44E-4265-4B61-AB4A-BD2F7022264F}"
EndProject
Project("{FAE04EC0-301F-11D3-BF4B-00C04F79EFBC}") = "HomeAssistant.Common", "Common\HomeAssistant.Common.csproj", "{3894434A-8DF7-4E26-8C20-DA3D6447CF7E}"
EndProject
Global
	GlobalSection(SolutionConfigurationPlatforms) = preSolution
		Debug|Any CPU = Debug|Any CPU
		Release|Any CPU = Release|Any CPU
	EndGlobalSection
	GlobalSection(ProjectConfigurationPlatforms) = postSolution
		{6E29F44E-4265-4B61-AB4A-BD2F7022264F}.Debug|Any CPU.ActiveCfg = Debug|Any CPU
		{6E29F44E-4265-4B61-AB4A-BD2F7022264F}.Debug|Any CPU.Build.0 = Debug|Any CPU
		{6E29F44E-4265-4B61-AB4A-BD2F7022264F}.Release|Any CPU.ActiveCfg = Release|Any CPU
		{6E29F44E-4265-4B61-AB4A-BD2F7022264F}.Release|Any CPU.Build.0 = Release|Any CPU
		{3894434A-8DF7-4E26-8C20-DA3D6447CF7E}.Debug|Any CPU.ActiveCfg = Debug|Any CPU
		{3894434A-8DF7-4E26-8C20-DA3D6447CF7E}.Debug|Any CPU.Build.0 = Debug|Any CPU
		{3894434A-8DF7-4E26-8C20-DA3D6447CF7E}.Release|Any CPU.ActiveCfg = Release|Any CPU
		{3894434A-8DF7-4E26-8C20-DA3D6447CF7E}.Release|Any CPU.Build.0 = Release|Any CPU
	EndGlobalSection
	GlobalSection(SolutionProperties) = preSolution
		HideSolutionNode = FALSE
	EndGlobalSection
	GlobalSection(ExtensibilityGlobals) = postSolution
		SolutionGuid = {D1A4BB91-D5C1-4738-9A30-E9C48EFA9470}
	EndGlobalSection
EndGlobal
